
Microsoft Visual Studio Solution File, Format Version 12.00
# Visual Studio Version 17
VisualStudioVersion = 17.1.32210.238
MinimumVisualStudioVersion = 10.0.40219.1
Project("{FAE04EC0-301F-11D3-BF4B-00C04F79EFBC}") = "SynthRidersWebsockets", "SynthRidersWebsockets.csproj", "{D7E6917C-A708-4B3C-AA44-685765F620DE}"
EndProject
Global
	GlobalSection(SolutionConfigurationPlatforms) = preSolution
		Debug|Any CPU = Debug|Any CPU
		Release|Any CPU = Release|Any CPU
	EndGlobalSection
	GlobalSection(ProjectConfigurationPlatforms) = postSolution
		{D7E6917C-A708-4B3C-AA44-685765F620DE}.Debug|Any CPU.ActiveCfg = Debug|Any CPU
		{D7E6917C-A708-4B3C-AA44-685765F620DE}.Debug|Any CPU.Build.0 = Debug|Any CPU
		{D7E6917C-A708-4B3C-AA44-685765F620DE}.Release|Any CPU.ActiveCfg = Release|Any CPU
		{D7E6917C-A708-4B3C-AA44-685765F620DE}.Release|Any CPU.Build.0 = Release|Any CPU
	EndGlobalSection
	GlobalSection(SolutionProperties) = preSolution
		HideSolutionNode = FALSE
	EndGlobalSection
	GlobalSection(ExtensibilityGlobals) = postSolution
		SolutionGuid = {5902C2E1-38E0-4AB2-B4A5-C547CFF62745}
	EndGlobalSection
EndGlobal
